
Microsoft Visual Studio Solution File, Format Version 12.00
# Visual Studio Version 17
VisualStudioVersion = 17.10.35122.118
MinimumVisualStudioVersion = 10.0.40219.1
Project("{FAE04EC0-301F-11D3-BF4B-00C04F79EFBC}") = "fundamentos", "fundamentos\fundamentos.csproj", "{44AFC388-CCBE-47B7-8112-C457FD738623}"
EndProject
Global
	GlobalSection(SolutionConfigurationPlatforms) = preSolution
		Debug|Any CPU = Debug|Any CPU
		Release|Any CPU = Release|Any CPU
	EndGlobalSection
	GlobalSection(ProjectConfigurationPlatforms) = postSolution
		{44AFC388-CCBE-47B7-8112-C457FD738623}.Debug|Any CPU.ActiveCfg = Debug|Any CPU
		{44AFC388-CCBE-47B7-8112-C457FD738623}.Debug|Any CPU.Build.0 = Debug|Any CPU
		{44AFC388-CCBE-47B7-8112-C457FD738623}.Release|Any CPU.ActiveCfg = Release|Any CPU
		{44AFC388-CCBE-47B7-8112-C457FD738623}.Release|Any CPU.Build.0 = Release|Any CPU
	EndGlobalSection
	GlobalSection(SolutionProperties) = preSolution
		HideSolutionNode = FALSE
	EndGlobalSection
	GlobalSection(ExtensibilityGlobals) = postSolution
		SolutionGuid = {3207BC02-03DF-4B4F-981F-EC8F20FEA0EB}
	EndGlobalSection
EndGlobal
